
Microsoft Visual Studio Solution File, Format Version 12.00
# Visual Studio 2012
Project("{F2A71F9B-5D33-465A-A702-920D77279786}") = "SWF.Extensions.Core", "SWF.Extensions.Core\SWF.Extensions.Core.fsproj", "{1BFEC7F3-EF41-468F-BDD8-3F0EDB99B20A}"
EndProject
Project("{FAE04EC0-301F-11D3-BF4B-00C04F79EFBC}") = "ExampleCs", "ExampleCs\ExampleCs.csproj", "{8484C87E-8B0F-4E79-BED8-320EF78FC871}"
EndProject
Project("{F2A71F9B-5D33-465A-A702-920D77279786}") = "ExampleFs", "ExampleFs\ExampleFs.fsproj", "{5E048555-B628-4883-8CE9-0F32B6C24B7C}"
EndProject
Project("{2150E333-8FDC-42A3-9474-1A3956D46DE8}") = ".nuget", ".nuget", "{4EF40F66-ADE3-4576-9D5B-8CF5DBC48ED4}"
	ProjectSection(SolutionItems) = preProject
		.nuget\NuGet.Config = .nuget\NuGet.Config
		.nuget\NuGet.exe = .nuget\NuGet.exe
		.nuget\NuGet.targets = .nuget\NuGet.targets
	EndProjectSection
EndProject
Global
	GlobalSection(SolutionConfigurationPlatforms) = preSolution
		Debug|Any CPU = Debug|Any CPU
		Release|Any CPU = Release|Any CPU
	EndGlobalSection
	GlobalSection(ProjectConfigurationPlatforms) = postSolution
		{1BFEC7F3-EF41-468F-BDD8-3F0EDB99B20A}.Debug|Any CPU.ActiveCfg = Debug|Any CPU
		{1BFEC7F3-EF41-468F-BDD8-3F0EDB99B20A}.Debug|Any CPU.Build.0 = Debug|Any CPU
		{1BFEC7F3-EF41-468F-BDD8-3F0EDB99B20A}.Release|Any CPU.ActiveCfg = Release|Any CPU
		{1BFEC7F3-EF41-468F-BDD8-3F0EDB99B20A}.Release|Any CPU.Build.0 = Release|Any CPU
		{8484C87E-8B0F-4E79-BED8-320EF78FC871}.Debug|Any CPU.ActiveCfg = Debug|Any CPU
		{8484C87E-8B0F-4E79-BED8-320EF78FC871}.Debug|Any CPU.Build.0 = Debug|Any CPU
		{8484C87E-8B0F-4E79-BED8-320EF78FC871}.Release|Any CPU.ActiveCfg = Release|Any CPU
		{8484C87E-8B0F-4E79-BED8-320EF78FC871}.Release|Any CPU.Build.0 = Release|Any CPU
		{5E048555-B628-4883-8CE9-0F32B6C24B7C}.Debug|Any CPU.ActiveCfg = Debug|Any CPU
		{5E048555-B628-4883-8CE9-0F32B6C24B7C}.Debug|Any CPU.Build.0 = Debug|Any CPU
		{5E048555-B628-4883-8CE9-0F32B6C24B7C}.Release|Any CPU.ActiveCfg = Release|Any CPU
		{5E048555-B628-4883-8CE9-0F32B6C24B7C}.Release|Any CPU.Build.0 = Release|Any CPU
	EndGlobalSection
	GlobalSection(SolutionProperties) = preSolution
		HideSolutionNode = FALSE
	EndGlobalSection
EndGlobal
